
Microsoft Visual Studio Solution File, Format Version 12.00
# Visual Studio 15
VisualStudioVersion = 15.0.28307.1082
MinimumVisualStudioVersion = 10.0.40219.1
Project("{FAE04EC0-301F-11D3-BF4B-00C04F79EFBC}") = "Introduction", "Introduction\Introduction.csproj", "{9D396CFA-C432-49BA-A3C4-BCB66612E309}"
EndProject
Project("{FAE04EC0-301F-11D3-BF4B-00C04F79EFBC}") = "HomeWork", "HomeWork\HomeWork.csproj", "{678398CB-8C25-4A49-AD35-94807DFE2655}"
EndProject
Project("{FAE04EC0-301F-11D3-BF4B-00C04F79EFBC}") = "Chess", "Chess\Chess.csproj", "{38D650F7-47E1-4788-9716-A4A1BE5C509B}"
EndProject
Project("{FAE04EC0-301F-11D3-BF4B-00C04F79EFBC}") = "Calc", "Calc\Calc.csproj", "{6EFB54E4-0E24-4592-A529-425F9F949A21}"
EndProject
Project("{FAE04EC0-301F-11D3-BF4B-00C04F79EFBC}") = "Shooter", "Shooter\Shooter.csproj", "{052B02F8-802C-4E80-AE99-C8EA965BA9E9}"
EndProject
Project("{FAE04EC0-301F-11D3-BF4B-00C04F79EFBC}") = "Shooter2", "Shooter2\Shooter2.csproj", "{2FC97BE0-06D1-49A4-91C4-862E76A2D17A}"
EndProject
Global
	GlobalSection(SolutionConfigurationPlatforms) = preSolution
		Debug|Any CPU = Debug|Any CPU
		Release|Any CPU = Release|Any CPU
	EndGlobalSection
	GlobalSection(ProjectConfigurationPlatforms) = postSolution
		{9D396CFA-C432-49BA-A3C4-BCB66612E309}.Debug|Any CPU.ActiveCfg = Debug|Any CPU
		{9D396CFA-C432-49BA-A3C4-BCB66612E309}.Debug|Any CPU.Build.0 = Debug|Any CPU
		{9D396CFA-C432-49BA-A3C4-BCB66612E309}.Release|Any CPU.ActiveCfg = Release|Any CPU
		{9D396CFA-C432-49BA-A3C4-BCB66612E309}.Release|Any CPU.Build.0 = Release|Any CPU
		{678398CB-8C25-4A49-AD35-94807DFE2655}.Debug|Any CPU.ActiveCfg = Debug|Any CPU
		{678398CB-8C25-4A49-AD35-94807DFE2655}.Debug|Any CPU.Build.0 = Debug|Any CPU
		{678398CB-8C25-4A49-AD35-94807DFE2655}.Release|Any CPU.ActiveCfg = Release|Any CPU
		{678398CB-8C25-4A49-AD35-94807DFE2655}.Release|Any CPU.Build.0 = Release|Any CPU
		{38D650F7-47E1-4788-9716-A4A1BE5C509B}.Debug|Any CPU.ActiveCfg = Debug|Any CPU
		{38D650F7-47E1-4788-9716-A4A1BE5C509B}.Debug|Any CPU.Build.0 = Debug|Any CPU
		{38D650F7-47E1-4788-9716-A4A1BE5C509B}.Release|Any CPU.ActiveCfg = Release|Any CPU
		{38D650F7-47E1-4788-9716-A4A1BE5C509B}.Release|Any CPU.Build.0 = Release|Any CPU
		{6EFB54E4-0E24-4592-A529-425F9F949A21}.Debug|Any CPU.ActiveCfg = Debug|Any CPU
		{6EFB54E4-0E24-4592-A529-425F9F949A21}.Debug|Any CPU.Build.0 = Debug|Any CPU
		{6EFB54E4-0E24-4592-A529-425F9F949A21}.Release|Any CPU.ActiveCfg = Release|Any CPU
		{6EFB54E4-0E24-4592-A529-425F9F949A21}.Release|Any CPU.Build.0 = Release|Any CPU
		{052B02F8-802C-4E80-AE99-C8EA965BA9E9}.Debug|Any CPU.ActiveCfg = Debug|Any CPU
		{052B02F8-802C-4E80-AE99-C8EA965BA9E9}.Debug|Any CPU.Build.0 = Debug|Any CPU
		{052B02F8-802C-4E80-AE99-C8EA965BA9E9}.Release|Any CPU.ActiveCfg = Release|Any CPU
		{052B02F8-802C-4E80-AE99-C8EA965BA9E9}.Release|Any CPU.Build.0 = Release|Any CPU
		{2FC97BE0-06D1-49A4-91C4-862E76A2D17A}.Debug|Any CPU.ActiveCfg = Debug|Any CPU
		{2FC97BE0-06D1-49A4-91C4-862E76A2D17A}.Debug|Any CPU.Build.0 = Debug|Any CPU
		{2FC97BE0-06D1-49A4-91C4-862E76A2D17A}.Release|Any CPU.ActiveCfg = Release|Any CPU
		{2FC97BE0-06D1-49A4-91C4-862E76A2D17A}.Release|Any CPU.Build.0 = Release|Any CPU
	EndGlobalSection
	GlobalSection(SolutionProperties) = preSolution
		HideSolutionNode = FALSE
	EndGlobalSection
	GlobalSection(ExtensibilityGlobals) = postSolution
		SolutionGuid = {A5F17E38-22A0-4116-AB0D-EA9986D5BF56}
	EndGlobalSection
EndGlobal
